<?xml version="1.0" encoding="utf-8"?>
<Project ToolsVersion="4.0" xmlns="http://schemas.microsoft.com/developer/msbuild/2003">
  <ItemGroup>
    <Filter Include="Entry Point">
      <UniqueIdentifier>{655da295-40e9-41e6-b283-902b0c21f118}</UniqueIdentifier>
    </Filter>
    <Filter Include="Precompiled Headers">
      <UniqueIdentifier>{d7e0fd12-29ac-44ec-a6e4-a1b9fcdd455e}</UniqueIdentifier>
    </Filter>
    <Filter Include="Game">
      <UniqueIdentifier>{c61131df-d684-4da7-8277-f32315e66099}</UniqueIdentifier>
    </Filter>
    <Filter Include="States">
      <UniqueIdentifier>{ee1fd2e4-892c-415e-a731-a3ccf39e2198}</UniqueIdentifier>
    </Filter>
    <Filter Include="Entities">
      <UniqueIdentifier>{66caec0e-7d4e-41d6-b2ec-da8d45a34b43}</UniqueIdentifier>
    </Filter>
    <Filter Include="Components">
      <UniqueIdentifier>{b40bb8c2-8a2e-40f5-93b6-b1507d0a7a16}</UniqueIdentifier>
    </Filter>
    <Filter Include="Map">
      <UniqueIdentifier>{34e55025-4bb9-45c4-87ec-a82c630805a8}</UniqueIdentifier>
    </Filter>
    <Filter Include="Graphics">
      <UniqueIdentifier>{6f05f5b0-2a12-4119-b954-cf940b411748}</UniqueIdentifier>
    </Filter>
    <Filter Include="Gui">
      <UniqueIdentifier>{08ee01d7-783b-419e-9171-0aa8ebc184a5}</UniqueIdentifier>
    </Filter>
    <Filter Include="Gui\Menu">
      <UniqueIdentifier>{2298804d-e043-4955-9af8-9440ae2e50da}</UniqueIdentifier>
    </Filter>
    <Filter Include="Sound">
      <UniqueIdentifier>{cdf9afbb-d536-4bb6-954b-393ca1011a3b}</UniqueIdentifier>
    </Filter>
    <Filter Include="Entities\Figures">
      <UniqueIdentifier>{f81e1288-6c23-4e3a-a574-acf704317448}</UniqueIdentifier>
    </Filter>
    <Filter Include="Systems">
      <UniqueIdentifier>{08fc0db7-6bf3-4fab-9f16-b7aa603e8761}</UniqueIdentifier>
    </Filter>
  </ItemGroup>
  <ItemGroup>
    <ClCompile Include="stdafx.cpp">
      <Filter>Precompiled Headers</Filter>
    </ClCompile>
    <ClCompile Include="main.cpp">
      <Filter>Entry Point</Filter>
    </ClCompile>
    <ClCompile Include="Game.cpp">
      <Filter>Game</Filter>
    </ClCompile>
    <ClCompile Include="GraphicsSettings.cpp">
      <Filter>Graphics</Filter>
    </ClCompile>
    <ClCompile Include="State.cpp">
      <Filter>States</Filter>
    </ClCompile>
    <ClCompile Include="Button.cpp">
      <Filter>Gui</Filter>
    </ClCompile>
    <ClCompile Include="DropDownList.cpp">
      <Filter>Gui</Filter>
    </ClCompile>
    <ClCompile Include="ProgressBar.cpp">
      <Filter>Gui</Filter>
    </ClCompile>
    <ClCompile Include="Entity.cpp">
      <Filter>Entities</Filter>
    </ClCompile>
    <ClCompile Include="MainMenuState.cpp">
      <Filter>States</Filter>
    </ClCompile>
    <ClCompile Include="GameState.cpp">
      <Filter>States</Filter>
    </ClCompile>
    <ClCompile Include="AnimationComponent.cpp">
      <Filter>Components</Filter>
    </ClCompile>
    <ClCompile Include="HitboxComponent.cpp">
      <Filter>Components</Filter>
    </ClCompile>
    <ClCompile Include="MovementComponent.cpp">
      <Filter>Components</Filter>
    </ClCompile>
    <ClCompile Include="RegularTile.cpp">
      <Filter>Map</Filter>
    </ClCompile>
    <ClCompile Include="Tile.cpp">
      <Filter>Map</Filter>
    </ClCompile>
    <ClCompile Include="TileMap.cpp">
      <Filter>Map</Filter>
    </ClCompile>
    <ClCompile Include="Menu.cpp">
      <Filter>Gui\Menu</Filter>
    </ClCompile>
    <ClCompile Include="PauseMenu.cpp">
      <Filter>Gui\Menu</Filter>
    </ClCompile>
    <ClCompile Include="SoundEngine.cpp">
      <Filter>Sound</Filter>
    </ClCompile>
    <ClCompile Include="Pawn.cpp">
      <Filter>Entities\Figures</Filter>
    </ClCompile>
    <ClCompile Include="Selector.cpp">
      <Filter>Gui</Filter>
    </ClCompile>
    <ClCompile Include="FadeScreen.cpp">
      <Filter>Gui</Filter>
    </ClCompile>
    <ClCompile Include="Randomizer.cpp">
      <Filter>Systems</Filter>
    </ClCompile>
  </ItemGroup>
  <ItemGroup>
    <ClInclude Include="stdafx.h">
      <Filter>Precompiled Headers</Filter>
    </ClInclude>
    <ClInclude Include="Game.h">
      <Filter>Game</Filter>
    </ClInclude>
    <ClInclude Include="GraphicsSettings.h">
      <Filter>Graphics</Filter>
    </ClInclude>
    <ClInclude Include="State.h">
      <Filter>States</Filter>
    </ClInclude>
    <ClInclude Include="Button.h">
      <Filter>Gui</Filter>
    </ClInclude>
    <ClInclude Include="DropDownList.h">
      <Filter>Gui</Filter>
    </ClInclude>
    <ClInclude Include="ProgressBar.h">
      <Filter>Gui</Filter>
    </ClInclude>
    <ClInclude Include="Entity.h">
      <Filter>Entities</Filter>
    </ClInclude>
    <ClInclude Include="MainMenuState.h">
      <Filter>States</Filter>
    </ClInclude>
    <ClInclude Include="GameState.h">
      <Filter>States</Filter>
    </ClInclude>
    <ClInclude Include="AnimationComponent.h">
      <Filter>Components</Filter>
    </ClInclude>
    <ClInclude Include="HitboxComponent.h">
      <Filter>Components</Filter>
    </ClInclude>
    <ClInclude Include="MovementComponent.h">
      <Filter>Components</Filter>
    </ClInclude>
    <ClInclude Include="RegularTile.h">
      <Filter>Map</Filter>
    </ClInclude>
    <ClInclude Include="Tile.h">
      <Filter>Map</Filter>
    </ClInclude>
    <ClInclude Include="TileMap.h">
      <Filter>Map</Filter>
    </ClInclude>
    <ClInclude Include="Menu.h">
      <Filter>Gui\Menu</Filter>
    </ClInclude>
    <ClInclude Include="PauseMenu.h">
      <Filter>Gui\Menu</Filter>
    </ClInclude>
    <ClInclude Include="SoundEngine.h">
      <Filter>Sound</Filter>
    </ClInclude>
    <ClInclude Include="Pawn.h">
      <Filter>Entities\Figures</Filter>
    </ClInclude>
    <ClInclude Include="Selector.h">
      <Filter>Gui</Filter>
    </ClInclude>
    <ClInclude Include="FadeScreen.h">
      <Filter>Gui</Filter>
    </ClInclude>
    <ClInclude Include="Randomizer.h">
      <Filter>Systems</Filter>
    </ClInclude>
  </ItemGroup>
  <ItemGroup>
    <None Include="fragment_shader.frag">
      <Filter>Graphics</Filter>
    </None>
    <None Include="vertex_shader.vert">
      <Filter>Graphics</Filter>
    </None>
  </ItemGroup>
</Project>